PODS:
  - Alamofire (4.3.0)
  - AlamofireImage (3.2.0):
    - Alamofire (~> 4.1)
  - Kingfisher (3.4.0)
  - MBProgressHUD (1.0.0)

DEPENDENCIES:
  - Alamofire (~> 4.3)
  - AlamofireImage (~> 3.1)
  - Kingfisher (~> 3.4.0)
  - MBProgressHUD (~> 1.0.0)

SPEC CHECKSUMS:
  Alamofire: 856a113053a7bc9cbe5d6367a555d773fc5cfef7
  AlamofireImage: 157ed682cc81d3b9db4fb90c1f12180ac552d93b
  Kingfisher: 5690cfb3d1bddf3a98d679a3a34d0b7294974ed2
  MBProgressHUD: 4890f671c94e8a0f3cf959aa731e9de2f036d71a

PODFILE CHECKSUM: ebc10f9188acf5ef92581dca5bd9379e8b73916c

COCOAPODS: 1.2.0.rc.1
